// !$*UTF8*$!
{
	archiveVersion = 1;
	classes = {
	};
	objectVersion = 46;
	objects = {

/* Begin PBXBuildFile section */
		E549BCFF19FEE71000347524 /* main.m in Sources */ = {isa = PBXBuildFile; fileRef = E549BCFE19FEE71000347524 /* main.m */; };
		E549BD0219FEE71000347524 /* AppDelegate.m in Sources */ = {isa = PBXBuildFile; fileRef = E549BD0119FEE71000347524 /* AppDelegate.m */; };
		E549BD0519FEE71000347524 /* ViewController.m in Sources */ = {isa = PBXBuildFile; fileRef = E549BD0419FEE71000347524 /* ViewController.m */; };
		E549BD0819FEE71000347524 /* Main.storyboard in Resources */ = {isa = PBXBuildFile; fileRef = E549BD0619FEE71000347524 /* Main.storyboard */; };
		E549BD0A19FEE71000347524 /* Images.xcassets in Resources */ = {isa = PBXBuildFile; fileRef = E549BD0919FEE71000347524 /* Images.xcassets */; };
		E549BD0D19FEE71000347524 /* LaunchScreen.xib in Resources */ = {isa = PBXBuildFile; fileRef = E549BD0B19FEE71000347524 /* LaunchScreen.xib */; };
		E549BD1919FEE71000347524 /* MonitorTests.m in Sources */ = {isa = PBXBuildFile; fileRef = E549BD1819FEE71000347524 /* MonitorTests.m */; };
/* End PBXBuildFile section */

/* Begin PBXContainerItemProxy section */
		E549BD1319FEE71000347524 /* PBXContainerItemProxy */ = {
			isa = PBXContainerItemProxy;
			containerPortal = E549BCF119FEE71000347524 /* Project object */;
			proxyType = 1;
			remoteGlobalIDString = E549BCF819FEE71000347524;
			remoteInfo = Monitor;
		};
/* End PBXContainerItemProxy section */

/* Begin PBXFileReference section */
		E549BCF919FEE71000347524 /* Monitor.app */ = {isa = PBXFileReference; explicitFileType = wrapper.application; includeInIndex = 0; path = Monitor.app; sourceTree = BUILT_PRODUCTS_DIR; };
		E549BCFD19FEE71000347524 /* Info.plist */ = {isa = PBXFileReference; lastKnownFileType = text.plist.xml; path = Info.plist; sourceTree = "<group>"; };
		E549BCFE19FEE71000347524 /* main.m */ = {isa = PBXFileReference; lastKnownFileType = sourcecode.c.objc; path = main.m; sourceTree = "<group>"; };
		E549BD0019FEE71000347524 /* AppDelegate.h */ = {isa = PBXFileReference; lastKnownFileType = sourcecode.c.h; path = AppDelegate.h; sourceTree = "<group>"; };
		E549BD0119FEE71000347524 /* AppDelegate.m */ = {isa = PBXFileReference; lastKnownFileType = sourcecode.c.objc; path = AppDelegate.m; sourceTree = "<group>"; };
		E549BD0319FEE71000347524 /* ViewController.h */ = {isa = PBXFileReference; lastKnownFileType = sourcecode.c.h; path = ViewController.h; sourceTree = "<group>"; };
		E549BD0419FEE71000347524 /* ViewController.m */ = {isa = PBXFileReference; lastKnownFileType = sourcecode.c.objc; path = ViewController.m; sourceTree = "<group>"; };
		E549BD0719FEE71000347524 /* Base */ = {isa = PBXFileReference; lastKnownFileType = file.storyboard; name = Base; path = Base.lproj/Main.storyboard; sourceTree = "<group>"; };
		E549BD0919FEE71000347524 /* Images.xcassets */ = {isa = PBXFileReference; lastKnownFileType = folder.assetcatalog; path = Images.xcassets; sourceTree = "<group>"; };
		E549BD0C19FEE71000347524 /* Base */ = {isa = PBXFileReference; lastKnownFileType = file.xib; name = Base; path = Base.lproj/LaunchScreen.xib; sourceTree = "<group>"; };
		E549BD1219FEE71000347524 /* MonitorTests.xctest */ = {isa = PBXFileReference; explicitFileType = wrapper.cfbundle; includeInIndex = 0; path = MonitorTests.xctest; sourceTree = BUILT_PRODUCTS_DIR; };
		E549BD1719FEE71000347524 /* Info.plist */ = {isa = PBXFileReference; lastKnownFileType = text.plist.xml; path = Info.plist; sourceTree = "<group>"; };
		E549BD1819FEE71000347524 /* MonitorTests.m */ = {isa = PBXFileReference; lastKnownFileType = sourcecode.c.objc; path = MonitorTests.m; sourceTree = "<group>"; };
/* End PBXFileReference section */

/* Begin PBXFrameworksBuildPhase section */
		E549BCF619FEE71000347524 /* Frameworks */ = {
			isa = PBXFrameworksBuildPhase;
			buildActionMask = 2147483647;
			files = (
			);
			runOnlyForDeploymentPostprocessing = 0;
		};
		E549BD0F19FEE71000347524 /* Frameworks */ = {
			isa = PBXFrameworksBuildPhase;
			buildActionMask = 2147483647;
			files = (
			);
			runOnlyForDeploymentPostprocessing = 0;
		};
/* End PBXFrameworksBuildPhase section */

/* Begin PBXGroup section */
		E549BCF019FEE71000347524 = {
			isa = PBXGroup;
			children = (
				E549BCFB19FEE71000347524 /* Monitor */,
				E549BD1519FEE71000347524 /* MonitorTests */,
				E549BCFA19FEE71000347524 /* Products */,
			);
			sourceTree = "<group>";
		};
		E549BCFA19FEE71000347524 /* Products */ = {
			isa = PBXGroup;
			children = (
				E549BCF919FEE71000347524 /* Monitor.app */,
				E549BD1219FEE71000347524 /* MonitorTests.xctest */,
			);
			name = Products;
			sourceTree = "<group>";
		};
		E549BCFB19FEE71000347524 /* Monitor */ = {
			isa = PBXGroup;
			children = (
				E549BD0019FEE71000347524 /* AppDelegate.h */,
				E549BD0119FEE71000347524 /* AppDelegate.m */,
				E549BD0319FEE71000347524 /* ViewController.h */,
				E549BD0419FEE71000347524 /* ViewController.m */,
				E549BD0619FEE71000347524 /* Main.storyboard */,
				E549BD0919FEE71000347524 /* Images.xcassets */,
				E549BD0B19FEE71000347524 /* LaunchScreen.xib */,
				E549BCFC19FEE71000347524 /* Supporting Files */,
			);
			path = Monitor;
			sourceTree = "<group>";
		};
		E549BCFC19FEE71000347524 /* Supporting Files */ = {
			isa = PBXGroup;
			children = (
				E549BCFD19FEE71000347524 /* Info.plist */,
				E549BCFE19FEE71000347524 /* main.m */,
			);
			name = "Supporting Files";
			sourceTree = "<group>";
		};
		E549BD1519FEE71000347524 /* MonitorTests */ = {
			isa = PBXGroup;
			children = (
				E549BD1819FEE71000347524 /* MonitorTests.m */,
				E549BD1619FEE71000347524 /* Supporting Files */,
			);
			path = MonitorTests;
			sourceTree = "<group>";
		};
		E549BD1619FEE71000347524 /* Supporting Files */ = {
			isa = PBXGroup;
			children = (
				E549BD1719FEE71000347524 /* Info.plist */,
			);
			name = "Supporting Files";
			sourceTree = "<group>";
		};
/* End PBXGroup section */

/* Begin PBXNativeTarget section */
		E549BCF819FEE71000347524 /* Monitor */ = {
			isa = PBXNativeTarget;
			buildConfigurationList = E549BD1C19FEE71000347524 /* Build configuration list for PBXNativeTarget "Monitor" */;
			buildPhases = (
				E549BCF519FEE71000347524 /* Sources */,
				E549BCF619FEE71000347524 /* Frameworks */,
				E549BCF719FEE71000347524 /* Resources */,
			);
			buildRules = (
			);
			dependencies = (
			);
			name = Monitor;
			productName = Monitor;
			productReference = E549BCF919FEE71000347524 /* Monitor.app */;
			productType = "com.apple.product-type.application";
		};
		E549BD1119FEE71000347524 /* MonitorTests */ = {
			isa = PBXNativeTarget;
			buildConfigurationList = E549BD1F19FEE71000347524 /* Build configuration list for PBXNativeTarget "MonitorTests" */;
			buildPhases = (
				E549BD0E19FEE71000347524 /* Sources */,
				E549BD0F19FEE71000347524 /* Frameworks */,
				E549BD1019FEE71000347524 /* Resources */,
			);
			buildRules = (
			);
			dependencies = (
				E549BD1419FEE71000347524 /* PBXTargetDependency */,
			);
			name = MonitorTests;
			productName = MonitorTests;
			productReference = E549BD1219FEE71000347524 /* MonitorTests.xctest */;
			productType = "com.apple.product-type.bundle.unit-test";
		};
/* End PBXNativeTarget section */

/* Begin PBXProject section */
		E549BCF119FEE71000347524 /* Project object */ = {
			isa = PBXProject;
			attributes = {
				LastUpgradeCheck = 0610;
				ORGANIZATIONNAME = "Nguyen Hoang Tuan";
				TargetAttributes = {
					E549BCF819FEE71000347524 = {
						CreatedOnToolsVersion = 6.1;
					};
					E549BD1119FEE71000347524 = {
						CreatedOnToolsVersion = 6.1;
						TestTargetID = E549BCF819FEE71000347524;
					};
				};
			};
			buildConfigurationList = E549BCF419FEE71000347524 /* Build configuration list for PBXProject "Monitor" */;
			compatibilityVersion = "Xcode 3.2";
			developmentRegion = English;
			hasScannedForEncodings = 0;
			knownRegions = (
				en,
				Base,
			);
			mainGroup = E549BCF019FEE71000347524;
			productRefGroup = E549BCFA19FEE71000347524 /* Products */;
			projectDirPath = "";
			projectRoot = "";
			targets = (
				E549BCF819FEE71000347524 /* Monitor */,
				E549BD1119FEE71000347524 /* MonitorTests */,
			);
		};
/* End PBXProject section */

/* Begin PBXResourcesBuildPhase section */
		E549BCF719FEE71000347524 /* Resources */ = {
			isa = PBXResourcesBuildPhase;
			buildActionMask = 2147483647;
			files = (
				E549BD0819FEE71000347524 /* Main.storyboard in Resources */,
				E549BD0D19FEE71000347524 /* LaunchScreen.xib in Resources */,
				E549BD0A19FEE71000347524 /* Images.xcassets in Resources */,
			);
			runOnlyForDeploymentPostprocessing = 0;
		};
		E549BD1019FEE71000347524 /* Resources */ = {
			isa = PBXResourcesBuildPhase;
			buildActionMask = 2147483647;
			files = (
			);
			runOnlyForDeploymentPostprocessing = 0;
		};
/* End PBXResourcesBuildPhase section */

/* Begin PBXSourcesBuildPhase section */
		E549BCF519FEE71000347524 /* Sources */ = {
			isa = PBXSourcesBuildPhase;
			buildActionMask = 2147483647;
			files = (
				E549BD0519FEE71000347524 /* ViewController.m in Sources */,
				E549BD0219FEE71000347524 /* AppDelegate.m in Sources */,
				E549BCFF19FEE71000347524 /* main.m in Sources */,
			);
			runOnlyForDeploymentPostprocessing = 0;
		};
		E549BD0E19FEE71000347524 /* Sources */ = {
			isa = PBXSourcesBuildPhase;
			buildActionMask = 2147483647;
			files = (
				E549BD1919FEE71000347524 /* MonitorTests.m in Sources */,
			);
			runOnlyForDeploymentPostprocessing = 0;
		};
/* End PBXSourcesBuildPhase section */

/* Begin PBXTargetDependency section */
		E549BD1419FEE71000347524 /* PBXTargetDependency */ = {
			isa = PBXTargetDependency;
			target = E549BCF819FEE71000347524 /* Monitor */;
			targetProxy = E549BD1319FEE71000347524 /* PBXContainerItemProxy */;
		};
/* End PBXTargetDependency section */

/* Begin PBXVariantGroup section */
		E549BD0619FEE71000347524 /* Main.storyboard */ = {
			isa = PBXVariantGroup;
			children = (
				E549BD0719FEE71000347524 /* Base */,
			);
			name = Main.storyboard;
			sourceTree = "<group>";
		};
		E549BD0B19FEE71000347524 /* LaunchScreen.xib */ = {
			isa = PBXVariantGroup;
			children = (
				E549BD0C19FEE71000347524 /* Base */,
			);
			name = LaunchScreen.xib;
			sourceTree = "<group>";
		};
/* End PBXVariantGroup section */

/* Begin XCBuildConfiguration section */
		E549BD1A19FEE71000347524 /* Debug */ = {
			isa = XCBuildConfiguration;
			buildSettings = {
				ALWAYS_SEARCH_USER_PATHS = NO;
				CLANG_CXX_LANGUAGE_STANDARD = "gnu++0x";
				CLANG_CXX_LIBRARY = "libc++";
				CLANG_ENABLE_MODULES = YES;
				CLANG_ENABLE_OBJC_ARC = YES;
				CLANG_WARN_BOOL_CONVERSION = YES;
				CLANG_WARN_CONSTANT_CONVERSION = YES;
				CLANG_WARN_DIRECT_OBJC_ISA_USAGE = YES_ERROR;
				CLANG_WARN_EMPTY_BODY = YES;
				CLANG_WARN_ENUM_CONVERSION = YES;
				CLANG_WARN_INT_CONVERSION = YES;
				CLANG_WARN_OBJC_ROOT_CLASS = YES_ERROR;
				CLANG_WARN_UNREACHABLE_CODE = YES;
				CLANG_WARN__DUPLICATE_METHOD_MATCH = YES;
				"CODE_SIGN_IDENTITY[sdk=iphoneos*]" = "iPhone Developer";
				COPY_PHASE_STRIP = NO;
				ENABLE_STRICT_OBJC_MSGSEND = YES;
				GCC_C_LANGUAGE_STANDARD = gnu99;
				GCC_DYNAMIC_NO_PIC = NO;
				GCC_OPTIMIZATION_LEVEL = 0;
				GCC_PREPROCESSOR_DEFINITIONS = (
					"DEBUG=1",
					"$(inherited)",
				);
				GCC_SYMBOLS_PRIVATE_EXTERN = NO;
				GCC_WARN_64_TO_32_BIT_CONVERSION = YES;
				GCC_WARN_ABOUT_RETURN_TYPE = YES_ERROR;
				GCC_WARN_UNDECLARED_SELECTOR = YES;
				GCC_WARN_UNINITIALIZED_AUTOS = YES_AGGRESSIVE;
				GCC_WARN_UNUSED_FUNCTION = YES;
				GCC_WARN_UNUSED_VARIABLE = YES;
				IPHONEOS_DEPLOYMENT_TARGET = 8.1;
				MTL_ENABLE_DEBUG_INFO = YES;
				ONLY_ACTIVE_ARCH = YES;
				SDKROOT = iphoneos;
				TARGETED_DEVICE_FAMILY = "1,2";
			};
			name = Debug;
		};
		E549BD1B19FEE71000347524 /* Release */ = {
			isa = XCBuildConfiguration;
			buildSettings = {
				ALWAYS_SEARCH_USER_PATHS = NO;
				CLANG_CXX_LANGUAGE_STANDARD = "gnu++0x";
				CLANG_CXX_LIBRARY = "libc++";
				CLANG_ENABLE_MODULES = YES;
				CLANG_ENABLE_OBJC_ARC = YES;
				CLANG_WARN_BOOL_CONVERSION = YES;
				CLANG_WARN_CONSTANT_CONVERSION = YES;
				CLANG_WARN_DIRECT_OBJC_ISA_USAGE = YES_ERROR;
				CLANG_WARN_EMPTY_BODY = YES;
				CLANG_WARN_ENUM_CONVERSION = YES;
				CLANG_WARN_INT_CONVERSION = YES;
				CLANG_WARN_OBJC_ROOT_CLASS = YES_ERROR;
				CLANG_WARN_UNREACHABLE_CODE = YES;
				CLANG_WARN__DUPLICATE_METHOD_MATCH = YES;
				"CODE_SIGN_IDENTITY[sdk=iphoneos*]" = "iPhone Developer";
				COPY_PHASE_STRIP = YES;
				ENABLE_NS_ASSERTIONS = NO;
				ENABLE_STRICT_OBJC_MSGSEND = YES;
				GCC_C_LANGUAGE_STANDARD = gnu99;
				GCC_WARN_64_TO_32_BIT_CONVERSION = YES;
				GCC_WARN_ABOUT_RETURN_TYPE = YES_ERROR;
				GCC_WARN_UNDECLARED_SELECTOR = YES;
				GCC_WARN_UNINITIALIZED_AUTOS = YES_AGGRESSIVE;
				GCC_WARN_UNUSED_FUNCTION = YES;
				GCC_WARN_UNUSED_VARIABLE = YES;
				IPHONEOS_DEPLOYMENT_TARGET = 8.1;
				MTL_ENABLE_DEBUG_INFO = NO;
				SDKROOT = iphoneos;
				TARGETED_DEVICE_FAMILY = "1,2";
				VALIDATE_PRODUCT = YES;
			};
			name = Release;
		};
		E549BD1D19FEE71000347524 /* Debug */ = {
			isa = XCBuildConfiguration;
			buildSettings = {
				ASSETCATALOG_COMPILER_APPICON_NAME = AppIcon;
				INFOPLIST_FILE = Monitor/Info.plist;
				LD_RUNPATH_SEARCH_PATHS = "$(inherited) @executable_path/Frameworks";
				PRODUCT_NAME = "$(TARGET_NAME)";
			};
			name = Debug;
		};
		E549BD1E19FEE71000347524 /* Release */ = {
			isa = XCBuildConfiguration;
			buildSettings = {
				ASSETCATALOG_COMPILER_APPICON_NAME = AppIcon;
				INFOPLIST_FILE = Monitor/Info.plist;
				LD_RUNPATH_SEARCH_PATHS = "$(inherited) @executable_path/Frameworks";
				PRODUCT_NAME = "$(TARGET_NAME)";
			};
			name = Release;
		};
		E549BD2019FEE71000347524 /* Debug */ = {
			isa = XCBuildConfiguration;
			buildSettings = {
				BUNDLE_LOADER = "$(TEST_HOST)";
				FRAMEWORK_SEARCH_PATHS = (
					"$(SDKROOT)/Developer/Library/Frameworks",
					"$(inherited)",
				);
				GCC_PREPROCESSOR_DEFINITIONS = (
					"DEBUG=1",
					"$(inherited)",
				);
				INFOPLIST_FILE = MonitorTests/Info.plist;
				LD_RUNPATH_SEARCH_PATHS = "$(inherited) @executable_path/Frameworks @loader_path/Frameworks";
				PRODUCT_NAME = "$(TARGET_NAME)";
				TEST_HOST = "$(BUILT_PRODUCTS_DIR)/Monitor.app/Monitor";
			};
			name = Debug;
		};
		E549BD2119FEE71000347524 /* Release */ = {
			isa = XCBuildConfiguration;
			buildSettings = {
				BUNDLE_LOADER = "$(TEST_HOST)";
				FRAMEWORK_SEARCH_PATHS = (
					"$(SDKROOT)/Developer/Library/Frameworks",
					"$(inherited)",
				);
				INFOPLIST_FILE = MonitorTests/Info.plist;
				LD_RUNPATH_SEARCH_PATHS = "$(inherited) @executable_path/Frameworks @loader_path/Frameworks";
				PRODUCT_NAME = "$(TARGET_NAME)";
				TEST_HOST = "$(BUILT_PRODUCTS_DIR)/Monitor.app/Monitor";
			};
			name = Release;
		};
/* End XCBuildConfiguration section */

/* Begin XCConfigurationList section */
		E549BCF419FEE71000347524 /* Build configuration list for PBXProject "Monitor" */ = {
			isa = XCConfigurationList;
			buildConfigurations = (
				E549BD1A19FEE71000347524 /* Debug */,
				E549BD1B19FEE71000347524 /* Release */,
			);
			defaultConfigurationIsVisible = 0;
			defaultConfigurationName = Release;
		};
		E549BD1C19FEE71000347524 /* Build configuration list for PBXNativeTarget "Monitor" */ = {
			isa = XCConfigurationList;
			buildConfigurations = (
				E549BD1D19FEE71000347524 /* Debug */,
				E549BD1E19FEE71000347524 /* Release */,
			);
			defaultConfigurationIsVisible = 0;
		};
		E549BD1F19FEE71000347524 /* Build configuration list for PBXNativeTarget "MonitorTests" */ = {
			isa = XCConfigurationList;
			buildConfigurations = (
				E549BD2019FEE71000347524 /* Debug */,
				E549BD2119FEE71000347524 /* Release */,
			);
			defaultConfigurationIsVisible = 0;
		};
/* End XCConfigurationList section */
	};
	rootObject = E549BCF119FEE71000347524 /* Project object */;
}
